
Microsoft Visual Studio Solution File, Format Version 12.00
# Visual Studio Version 17
VisualStudioVersion = 17.10.35122.118
MinimumVisualStudioVersion = 10.0.40219.1
Project("{2150E333-8FDC-42A3-9474-1A3956D46DE8}") = "src", "src", "{619CFE17-27D7-426D-A6C1-B9CCF95AFF20}"
EndProject
Project("{2150E333-8FDC-42A3-9474-1A3956D46DE8}") = "tests", "tests", "{1D6B9D43-C085-4100-9189-A026B27C1B3A}"
EndProject
Project("{FAE04EC0-301F-11D3-BF4B-00C04F79EFBC}") = "Extendio.Strings", "Extendio.Strings\Extendio.Strings.csproj", "{B735E354-E48C-408D-87B2-19683B53C58A}"
EndProject
Project("{FAE04EC0-301F-11D3-BF4B-00C04F79EFBC}") = "Extendio.Tests.Strings", "Extendio.Tests.Strings\Extendio.Tests.Strings.csproj", "{50BE74F5-E256-4AEE-A0DF-82750CA5685C}"
EndProject
Global
	GlobalSection(SolutionConfigurationPlatforms) = preSolution
		Debug|Any CPU = Debug|Any CPU
		Release|Any CPU = Release|Any CPU
	EndGlobalSection
	GlobalSection(ProjectConfigurationPlatforms) = postSolution
		{B735E354-E48C-408D-87B2-19683B53C58A}.Debug|Any CPU.ActiveCfg = Debug|Any CPU
		{B735E354-E48C-408D-87B2-19683B53C58A}.Debug|Any CPU.Build.0 = Debug|Any CPU
		{B735E354-E48C-408D-87B2-19683B53C58A}.Release|Any CPU.ActiveCfg = Release|Any CPU
		{B735E354-E48C-408D-87B2-19683B53C58A}.Release|Any CPU.Build.0 = Release|Any CPU
		{50BE74F5-E256-4AEE-A0DF-82750CA5685C}.Debug|Any CPU.ActiveCfg = Debug|Any CPU
		{50BE74F5-E256-4AEE-A0DF-82750CA5685C}.Debug|Any CPU.Build.0 = Debug|Any CPU
		{50BE74F5-E256-4AEE-A0DF-82750CA5685C}.Release|Any CPU.ActiveCfg = Release|Any CPU
		{50BE74F5-E256-4AEE-A0DF-82750CA5685C}.Release|Any CPU.Build.0 = Release|Any CPU
	EndGlobalSection
	GlobalSection(SolutionProperties) = preSolution
		HideSolutionNode = FALSE
	EndGlobalSection
	GlobalSection(NestedProjects) = preSolution
		{B735E354-E48C-408D-87B2-19683B53C58A} = {619CFE17-27D7-426D-A6C1-B9CCF95AFF20}
		{50BE74F5-E256-4AEE-A0DF-82750CA5685C} = {1D6B9D43-C085-4100-9189-A026B27C1B3A}
	EndGlobalSection
	GlobalSection(ExtensibilityGlobals) = postSolution
		SolutionGuid = {1572F6E1-D50B-4DD8-B9D4-FDFA2B5BBAEE}
	EndGlobalSection
EndGlobal
